
Microsoft Visual Studio Solution File, Format Version 12.00
# Visual Studio Version 16
VisualStudioVersion = 16.0.30011.22
MinimumVisualStudioVersion = 10.0.40219.1
Project("{FAE04EC0-301F-11D3-BF4B-00C04F79EFBC}") = "Robocroach", "Robocroach\Robocroach.csproj", "{A4B901E2-6CB5-47E4-8863-AD3F23C7571E}"
EndProject
Global
	GlobalSection(SolutionConfigurationPlatforms) = preSolution
		Debug|Any CPU = Debug|Any CPU
		Release|Any CPU = Release|Any CPU
	EndGlobalSection
	GlobalSection(ProjectConfigurationPlatforms) = postSolution
		{A4B901E2-6CB5-47E4-8863-AD3F23C7571E}.Debug|Any CPU.ActiveCfg = Debug|Any CPU
		{A4B901E2-6CB5-47E4-8863-AD3F23C7571E}.Debug|Any CPU.Build.0 = Debug|Any CPU
		{A4B901E2-6CB5-47E4-8863-AD3F23C7571E}.Release|Any CPU.ActiveCfg = Release|Any CPU
		{A4B901E2-6CB5-47E4-8863-AD3F23C7571E}.Release|Any CPU.Build.0 = Release|Any CPU
	EndGlobalSection
	GlobalSection(SolutionProperties) = preSolution
		HideSolutionNode = FALSE
	EndGlobalSection
	GlobalSection(ExtensibilityGlobals) = postSolution
		SolutionGuid = {2D0B416F-9EBD-4A4F-BF19-4B6813573585}
	EndGlobalSection
EndGlobal
